
Microsoft Visual Studio Solution File, Format Version 12.00
# Visual Studio Version 17
VisualStudioVersion = 17.9.34728.123
MinimumVisualStudioVersion = 10.0.40219.1
Project("{FAE04EC0-301F-11D3-BF4B-00C04F79EFBC}") = "DL-Skin-Randomiser", "DL-Skin-Randomiser.csproj", "{353B5E10-E2B6-4091-B29D-A458E5FA209E}"
EndProject
Global
	GlobalSection(SolutionConfigurationPlatforms) = preSolution
		Debug|Any CPU = Debug|Any CPU
		Release|Any CPU = Release|Any CPU
	EndGlobalSection
	GlobalSection(ProjectConfigurationPlatforms) = postSolution
		{353B5E10-E2B6-4091-B29D-A458E5FA209E}.Debug|Any CPU.ActiveCfg = Debug|Any CPU
		{353B5E10-E2B6-4091-B29D-A458E5FA209E}.Debug|Any CPU.Build.0 = Debug|Any CPU
		{353B5E10-E2B6-4091-B29D-A458E5FA209E}.Release|Any CPU.ActiveCfg = Release|Any CPU
		{353B5E10-E2B6-4091-B29D-A458E5FA209E}.Release|Any CPU.Build.0 = Release|Any CPU
	EndGlobalSection
	GlobalSection(SolutionProperties) = preSolution
		HideSolutionNode = FALSE
	EndGlobalSection
	GlobalSection(ExtensibilityGlobals) = postSolution
		SolutionGuid = {1A5CB379-CE1C-43DB-A080-FA9E6D2893E8}
	EndGlobalSection
EndGlobal
